
Microsoft Visual Studio Solution File, Format Version 12.00
# Visual Studio 15
VisualStudioVersion = 15.0.27703.2047
MinimumVisualStudioVersion = 10.0.40219.1
Project("{9A19103F-16F7-4668-BE54-9A1E7A4F7556}") = "DpHomework.Web", "..\DpHomework.Web\DpHomework.Web.csproj", "{E08DD4C0-FC67-44BB-98CE-C85AF6C735D9}"
EndProject
Project("{00D1A9C2-B5F0-4AF3-8072-F6C62B433612}") = "DpHomework.Db", "DpHomework.Db\DpHomework.Db.sqlproj", "{F0CA1687-DC5E-46B4-994A-5EAFB9B01068}"
EndProject
Project("{FAE04EC0-301F-11D3-BF4B-00C04F79EFBC}") = "DpHomework.Business", "DpHomework.Business\DpHomework.Business.csproj", "{11BC157B-51E1-4B9B-86ED-70ACBB66FC85}"
EndProject
Project("{FAE04EC0-301F-11D3-BF4B-00C04F79EFBC}") = "DpHomework.Data", "DpHomework.Data\DpHomework.Data.csproj", "{6EA017A4-EC2C-4DC3-B37B-AA7834A2CEFD}"
EndProject
Project("{FAE04EC0-301F-11D3-BF4B-00C04F79EFBC}") = "DpHomework.Models", "DpHomework.Models\DpHomework.Models.csproj", "{02C12BF5-BDD0-48E2-B2A5-7F64C64F53BC}"
EndProject
Project("{FAE04EC0-301F-11D3-BF4B-00C04F79EFBC}") = "DpHomework.Web.End2EndTests", "DpHomework.Web.End2EndTests\DpHomework.Web.End2EndTests.csproj", "{635178E5-C768-448E-9DC4-37C34F9066BE}"
EndProject
Project("{2150E333-8FDC-42A3-9474-1A3956D46DE8}") = "Solution Items", "Solution Items", "{68F37902-EC46-44D8-B703-28A402A93BD8}"
	ProjectSection(SolutionItems) = preProject
		..\readme.md = ..\readme.md
	EndProjectSection
EndProject
Project("{2150E333-8FDC-42A3-9474-1A3956D46DE8}") = "Tests", "Tests", "{4A07584D-0F3D-4DB3-9CDF-A80BA1ED15AB}"
EndProject
Project("{FAE04EC0-301F-11D3-BF4B-00C04F79EFBC}") = "DpHomework.Business.UnitTests", "..\Tests\DpHomework.Business.UnitTests\DpHomework.Business.UnitTests.csproj", "{BC79B554-237D-4747-BDB0-5F0C671B84B0}"
EndProject
Global
	GlobalSection(SolutionConfigurationPlatforms) = preSolution
		Debug|Any CPU = Debug|Any CPU
		Release|Any CPU = Release|Any CPU
	EndGlobalSection
	GlobalSection(ProjectConfigurationPlatforms) = postSolution
		{E08DD4C0-FC67-44BB-98CE-C85AF6C735D9}.Debug|Any CPU.ActiveCfg = Debug|Any CPU
		{E08DD4C0-FC67-44BB-98CE-C85AF6C735D9}.Debug|Any CPU.Build.0 = Debug|Any CPU
		{E08DD4C0-FC67-44BB-98CE-C85AF6C735D9}.Release|Any CPU.ActiveCfg = Release|Any CPU
		{E08DD4C0-FC67-44BB-98CE-C85AF6C735D9}.Release|Any CPU.Build.0 = Release|Any CPU
		{F0CA1687-DC5E-46B4-994A-5EAFB9B01068}.Debug|Any CPU.ActiveCfg = Debug|Any CPU
		{F0CA1687-DC5E-46B4-994A-5EAFB9B01068}.Debug|Any CPU.Build.0 = Debug|Any CPU
		{F0CA1687-DC5E-46B4-994A-5EAFB9B01068}.Debug|Any CPU.Deploy.0 = Debug|Any CPU
		{F0CA1687-DC5E-46B4-994A-5EAFB9B01068}.Release|Any CPU.ActiveCfg = Release|Any CPU
		{F0CA1687-DC5E-46B4-994A-5EAFB9B01068}.Release|Any CPU.Build.0 = Release|Any CPU
		{F0CA1687-DC5E-46B4-994A-5EAFB9B01068}.Release|Any CPU.Deploy.0 = Release|Any CPU
		{11BC157B-51E1-4B9B-86ED-70ACBB66FC85}.Debug|Any CPU.ActiveCfg = Debug|Any CPU
		{11BC157B-51E1-4B9B-86ED-70ACBB66FC85}.Debug|Any CPU.Build.0 = Debug|Any CPU
		{11BC157B-51E1-4B9B-86ED-70ACBB66FC85}.Release|Any CPU.ActiveCfg = Release|Any CPU
		{11BC157B-51E1-4B9B-86ED-70ACBB66FC85}.Release|Any CPU.Build.0 = Release|Any CPU
		{6EA017A4-EC2C-4DC3-B37B-AA7834A2CEFD}.Debug|Any CPU.ActiveCfg = Debug|Any CPU
		{6EA017A4-EC2C-4DC3-B37B-AA7834A2CEFD}.Debug|Any CPU.Build.0 = Debug|Any CPU
		{6EA017A4-EC2C-4DC3-B37B-AA7834A2CEFD}.Release|Any CPU.ActiveCfg = Release|Any CPU
		{6EA017A4-EC2C-4DC3-B37B-AA7834A2CEFD}.Release|Any CPU.Build.0 = Release|Any CPU
		{02C12BF5-BDD0-48E2-B2A5-7F64C64F53BC}.Debug|Any CPU.ActiveCfg = Debug|Any CPU
		{02C12BF5-BDD0-48E2-B2A5-7F64C64F53BC}.Debug|Any CPU.Build.0 = Debug|Any CPU
		{02C12BF5-BDD0-48E2-B2A5-7F64C64F53BC}.Release|Any CPU.ActiveCfg = Release|Any CPU
		{02C12BF5-BDD0-48E2-B2A5-7F64C64F53BC}.Release|Any CPU.Build.0 = Release|Any CPU
		{635178E5-C768-448E-9DC4-37C34F9066BE}.Debug|Any CPU.ActiveCfg = Debug|Any CPU
		{635178E5-C768-448E-9DC4-37C34F9066BE}.Debug|Any CPU.Build.0 = Debug|Any CPU
		{635178E5-C768-448E-9DC4-37C34F9066BE}.Release|Any CPU.ActiveCfg = Release|Any CPU
		{635178E5-C768-448E-9DC4-37C34F9066BE}.Release|Any CPU.Build.0 = Release|Any CPU
		{BC79B554-237D-4747-BDB0-5F0C671B84B0}.Debug|Any CPU.ActiveCfg = Debug|Any CPU
		{BC79B554-237D-4747-BDB0-5F0C671B84B0}.Debug|Any CPU.Build.0 = Debug|Any CPU
		{BC79B554-237D-4747-BDB0-5F0C671B84B0}.Release|Any CPU.ActiveCfg = Release|Any CPU
		{BC79B554-237D-4747-BDB0-5F0C671B84B0}.Release|Any CPU.Build.0 = Release|Any CPU
	EndGlobalSection
	GlobalSection(SolutionProperties) = preSolution
		HideSolutionNode = FALSE
	EndGlobalSection
	GlobalSection(NestedProjects) = preSolution
		{635178E5-C768-448E-9DC4-37C34F9066BE} = {4A07584D-0F3D-4DB3-9CDF-A80BA1ED15AB}
		{BC79B554-237D-4747-BDB0-5F0C671B84B0} = {4A07584D-0F3D-4DB3-9CDF-A80BA1ED15AB}
	EndGlobalSection
	GlobalSection(ExtensibilityGlobals) = postSolution
		SolutionGuid = {94584C88-619E-411C-974E-1F9466A471F9}
	EndGlobalSection
EndGlobal
